
Microsoft Visual Studio Solution File, Format Version 12.00
# Visual Studio 15
VisualStudioVersion = 15.0.28307.329
MinimumVisualStudioVersion = 10.0.40219.1
Project("{FAE04EC0-301F-11D3-BF4B-00C04F79EFBC}") = "SomeStore", "SomeStore\SomeStore.csproj", "{D34C6A07-6C2E-427D-92F9-013D43438660}"
EndProject
Global
	GlobalSection(SolutionConfigurationPlatforms) = preSolution
		Debug|Any CPU = Debug|Any CPU
		Release|Any CPU = Release|Any CPU
	EndGlobalSection
	GlobalSection(ProjectConfigurationPlatforms) = postSolution
		{D34C6A07-6C2E-427D-92F9-013D43438660}.Debug|Any CPU.ActiveCfg = Debug|Any CPU
		{D34C6A07-6C2E-427D-92F9-013D43438660}.Debug|Any CPU.Build.0 = Debug|Any CPU
		{D34C6A07-6C2E-427D-92F9-013D43438660}.Release|Any CPU.ActiveCfg = Release|Any CPU
		{D34C6A07-6C2E-427D-92F9-013D43438660}.Release|Any CPU.Build.0 = Release|Any CPU
	EndGlobalSection
	GlobalSection(SolutionProperties) = preSolution
		HideSolutionNode = FALSE
	EndGlobalSection
	GlobalSection(ExtensibilityGlobals) = postSolution
		SolutionGuid = {844E9A2D-B0D9-48CA-8ED2-171A8D378A0B}
	EndGlobalSection
EndGlobal
